lockfileVersion: '6.0'

settings:
  autoInstallPeers: true
  excludeLinksFromLockfile: false

dependencies:
  next:
    specifier: ^14.0.0
    version: 14.0.0
  react:
    specifier: ^18.2.0
    version: 18.2.0
  react-dom:
    specifier: ^18.2.0
    version: 18.2.0
  typescript:
    specifier: ^5.0.0
    version: 5.0.0

devDependencies:
  '@types/node':
    specifier: ^20.0.0
    version: 20.0.0
  '@types/react':
    specifier: ^18.0.0
    version: 18.0.0
  '@types/react-dom':
    specifier: ^18.0.0
    version: 18.0.0